
Microsoft Visual Studio Solution File, Format Version 12.00
# Visual Studio Version 18
VisualStudioVersion = 18.3.11222.16 d18.3
MinimumVisualStudioVersion = 10.0.40219.1
Project("{2150E333-8FDC-42A3-9474-1A3956D46DE8}") = "tests", "tests", "{15A8BE7C-C7A1-49A6-9E93-87B0F61DE605}"
EndProject
Project("{2150E333-8FDC-42A3-9474-1A3956D46DE8}") = "src", "src", "{0EB1B450-4571-4451-BAFB-FEAF11A76F5F}"
EndProject
Project("{FAE04EC0-301F-11D3-BF4B-00C04F79EFBC}") = "Restaurants.API", "src\Restaurants.API\Restaurants.API.csproj", "{A418D9BD-D7C6-4F8F-AE9B-1784A75403AF}"
EndProject
Project("{FAE04EC0-301F-11D3-BF4B-00C04F79EFBC}") = "Restaurants.Application", "src\Restaurants.Application\Restaurants.Application.csproj", "{AB72317E-5CB5-4F31-811D-675B202DEB92}"
EndProject
Project("{FAE04EC0-301F-11D3-BF4B-00C04F79EFBC}") = "Restaurants.Domain", "src\Restaurants.Domain\Restaurants.Domain.csproj", "{CF1C5D7D-1824-453E-85BC-446A6AF29E68}"
EndProject
Project("{FAE04EC0-301F-11D3-BF4B-00C04F79EFBC}") = "Restaurants.Infrastructure", "src\Restaurants.Infrastructure\Restaurants.Infrastructure.csproj", "{2E36BAEB-B8A8-48EF-9858-30575F1C01B1}"
EndProject
Project("{FAE04EC0-301F-11D3-BF4B-00C04F79EFBC}") = "Restaurants.API.Tests", "tests\Restaurants.API.Tests\Restaurants.API.Tests.csproj", "{02AF4654-678F-48D2-94E3-29DD4F6AF02F}"
EndProject
Project("{FAE04EC0-301F-11D3-BF4B-00C04F79EFBC}") = "Restaurants.Application.Tests", "tests\Restaurants.Application.Tests\Restaurants.Application.Tests.csproj", "{B6D66F60-FCCC-4C60-B2F4-79854B1FCBAC}"
EndProject
Project("{FAE04EC0-301F-11D3-BF4B-00C04F79EFBC}") = "Restaurants.Infrastructure.Tests", "tests\Restaurants.Infrastructure.Tests\Restaurants.Infrastructure.Tests.csproj", "{D4810CF5-198A-471F-8844-4F13D63F6C5C}"
EndProject
Global
	GlobalSection(SolutionConfigurationPlatforms) = preSolution
		Debug|Any CPU = Debug|Any CPU
		Debug|x64 = Debug|x64
		Debug|x86 = Debug|x86
		Release|Any CPU = Release|Any CPU
		Release|x64 = Release|x64
		Release|x86 = Release|x86
	EndGlobalSection
	GlobalSection(ProjectConfigurationPlatforms) = postSolution
		{A418D9BD-D7C6-4F8F-AE9B-1784A75403AF}.Debug|Any CPU.ActiveCfg = Debug|Any CPU
		{A418D9BD-D7C6-4F8F-AE9B-1784A75403AF}.Debug|Any CPU.Build.0 = Debug|Any CPU
		{A418D9BD-D7C6-4F8F-AE9B-1784A75403AF}.Debug|x64.ActiveCfg = Debug|Any CPU
		{A418D9BD-D7C6-4F8F-AE9B-1784A75403AF}.Debug|x64.Build.0 = Debug|Any CPU
		{A418D9BD-D7C6-4F8F-AE9B-1784A75403AF}.Debug|x86.ActiveCfg = Debug|Any CPU
		{A418D9BD-D7C6-4F8F-AE9B-1784A75403AF}.Debug|x86.Build.0 = Debug|Any CPU
		{A418D9BD-D7C6-4F8F-AE9B-1784A75403AF}.Release|Any CPU.ActiveCfg = Release|Any CPU
		{A418D9BD-D7C6-4F8F-AE9B-1784A75403AF}.Release|Any CPU.Build.0 = Release|Any CPU
		{A418D9BD-D7C6-4F8F-AE9B-1784A75403AF}.Release|x64.ActiveCfg = Release|Any CPU
		{A418D9BD-D7C6-4F8F-AE9B-1784A75403AF}.Release|x64.Build.0 = Release|Any CPU
		{A418D9BD-D7C6-4F8F-AE9B-1784A75403AF}.Release|x86.ActiveCfg = Release|Any CPU
		{A418D9BD-D7C6-4F8F-AE9B-1784A75403AF}.Release|x86.Build.0 = Release|Any CPU
		{AB72317E-5CB5-4F31-811D-675B202DEB92}.Debug|Any CPU.ActiveCfg = Debug|Any CPU
		{AB72317E-5CB5-4F31-811D-675B202DEB92}.Debug|Any CPU.Build.0 = Debug|Any CPU
		{AB72317E-5CB5-4F31-811D-675B202DEB92}.Debug|x64.ActiveCfg = Debug|Any CPU
		{AB72317E-5CB5-4F31-811D-675B202DEB92}.Debug|x64.Build.0 = Debug|Any CPU
		{AB72317E-5CB5-4F31-811D-675B202DEB92}.Debug|x86.ActiveCfg = Debug|Any CPU
		{AB72317E-5CB5-4F31-811D-675B202DEB92}.Debug|x86.Build.0 = Debug|Any CPU
		{AB72317E-5CB5-4F31-811D-675B202DEB92}.Release|Any CPU.ActiveCfg = Release|Any CPU
		{AB72317E-5CB5-4F31-811D-675B202DEB92}.Release|Any CPU.Build.0 = Release|Any CPU
		{AB72317E-5CB5-4F31-811D-675B202DEB92}.Release|x64.ActiveCfg = Release|Any CPU
		{AB72317E-5CB5-4F31-811D-675B202DEB92}.Release|x64.Build.0 = Release|Any CPU
		{AB72317E-5CB5-4F31-811D-675B202DEB92}.Release|x86.ActiveCfg = Release|Any CPU
		{AB72317E-5CB5-4F31-811D-675B202DEB92}.Release|x86.Build.0 = Release|Any CPU
		{CF1C5D7D-1824-453E-85BC-446A6AF29E68}.Debug|Any CPU.ActiveCfg = Debug|Any CPU
		{CF1C5D7D-1824-453E-85BC-446A6AF29E68}.Debug|Any CPU.Build.0 = Debug|Any CPU
		{CF1C5D7D-1824-453E-85BC-446A6AF29E68}.Debug|x64.ActiveCfg = Debug|Any CPU
		{CF1C5D7D-1824-453E-85BC-446A6AF29E68}.Debug|x64.Build.0 = Debug|Any CPU
		{CF1C5D7D-1824-453E-85BC-446A6AF29E68}.Debug|x86.ActiveCfg = Debug|Any CPU
		{CF1C5D7D-1824-453E-85BC-446A6AF29E68}.Debug|x86.Build.0 = Debug|Any CPU
		{CF1C5D7D-1824-453E-85BC-446A6AF29E68}.Release|Any CPU.ActiveCfg = Release|Any CPU
		{CF1C5D7D-1824-453E-85BC-446A6AF29E68}.Release|Any CPU.Build.0 = Release|Any CPU
		{CF1C5D7D-1824-453E-85BC-446A6AF29E68}.Release|x64.ActiveCfg = Release|Any CPU
		{CF1C5D7D-1824-453E-85BC-446A6AF29E68}.Release|x64.Build.0 = Release|Any CPU
		{CF1C5D7D-1824-453E-85BC-446A6AF29E68}.Release|x86.ActiveCfg = Release|Any CPU
		{CF1C5D7D-1824-453E-85BC-446A6AF29E68}.Release|x86.Build.0 = Release|Any CPU
		{2E36BAEB-B8A8-48EF-9858-30575F1C01B1}.Debug|Any CPU.ActiveCfg = Debug|Any CPU
		{2E36BAEB-B8A8-48EF-9858-30575F1C01B1}.Debug|Any CPU.Build.0 = Debug|Any CPU
		{2E36BAEB-B8A8-48EF-9858-30575F1C01B1}.Debug|x64.ActiveCfg = Debug|Any CPU
		{2E36BAEB-B8A8-48EF-9858-30575F1C01B1}.Debug|x64.Build.0 = Debug|Any CPU
		{2E36BAEB-B8A8-48EF-9858-30575F1C01B1}.Debug|x86.ActiveCfg = Debug|Any CPU
		{2E36BAEB-B8A8-48EF-9858-30575F1C01B1}.Debug|x86.Build.0 = Debug|Any CPU
		{2E36BAEB-B8A8-48EF-9858-30575F1C01B1}.Release|Any CPU.ActiveCfg = Release|Any CPU
		{2E36BAEB-B8A8-48EF-9858-30575F1C01B1}.Release|Any CPU.Build.0 = Release|Any CPU
		{2E36BAEB-B8A8-48EF-9858-30575F1C01B1}.Release|x64.ActiveCfg = Release|Any CPU
		{2E36BAEB-B8A8-48EF-9858-30575F1C01B1}.Release|x64.Build.0 = Release|Any CPU
		{2E36BAEB-B8A8-48EF-9858-30575F1C01B1}.Release|x86.ActiveCfg = Release|Any CPU
		{2E36BAEB-B8A8-48EF-9858-30575F1C01B1}.Release|x86.Build.0 = Release|Any CPU
		{02AF4654-678F-48D2-94E3-29DD4F6AF02F}.Debug|Any CPU.ActiveCfg = Debug|Any CPU
		{02AF4654-678F-48D2-94E3-29DD4F6AF02F}.Debug|Any CPU.Build.0 = Debug|Any CPU
		{02AF4654-678F-48D2-94E3-29DD4F6AF02F}.Debug|x64.ActiveCfg = Debug|Any CPU
		{02AF4654-678F-48D2-94E3-29DD4F6AF02F}.Debug|x64.Build.0 = Debug|Any CPU
		{02AF4654-678F-48D2-94E3-29DD4F6AF02F}.Debug|x86.ActiveCfg = Debug|Any CPU
		{02AF4654-678F-48D2-94E3-29DD4F6AF02F}.Debug|x86.Build.0 = Debug|Any CPU
		{02AF4654-678F-48D2-94E3-29DD4F6AF02F}.Release|Any CPU.ActiveCfg = Release|Any CPU
		{02AF4654-678F-48D2-94E3-29DD4F6AF02F}.Release|Any CPU.Build.0 = Release|Any CPU
		{02AF4654-678F-48D2-94E3-29DD4F6AF02F}.Release|x64.ActiveCfg = Release|Any CPU
		{02AF4654-678F-48D2-94E3-29DD4F6AF02F}.Release|x64.Build.0 = Release|Any CPU
		{02AF4654-678F-48D2-94E3-29DD4F6AF02F}.Release|x86.ActiveCfg = Release|Any CPU
		{02AF4654-678F-48D2-94E3-29DD4F6AF02F}.Release|x86.Build.0 = Release|Any CPU
		{B6D66F60-FCCC-4C60-B2F4-79854B1FCBAC}.Debug|Any CPU.ActiveCfg = Debug|Any CPU
		{B6D66F60-FCCC-4C60-B2F4-79854B1FCBAC}.Debug|Any CPU.Build.0 = Debug|Any CPU
		{B6D66F60-FCCC-4C60-B2F4-79854B1FCBAC}.Debug|x64.ActiveCfg = Debug|Any CPU
		{B6D66F60-FCCC-4C60-B2F4-79854B1FCBAC}.Debug|x64.Build.0 = Debug|Any CPU
		{B6D66F60-FCCC-4C60-B2F4-79854B1FCBAC}.Debug|x86.ActiveCfg = Debug|Any CPU
		{B6D66F60-FCCC-4C60-B2F4-79854B1FCBAC}.Debug|x86.Build.0 = Debug|Any CPU
		{B6D66F60-FCCC-4C60-B2F4-79854B1FCBAC}.Release|Any CPU.ActiveCfg = Release|Any CPU
		{B6D66F60-FCCC-4C60-B2F4-79854B1FCBAC}.Release|Any CPU.Build.0 = Release|Any CPU
		{B6D66F60-FCCC-4C60-B2F4-79854B1FCBAC}.Release|x64.ActiveCfg = Release|Any CPU
		{B6D66F60-FCCC-4C60-B2F4-79854B1FCBAC}.Release|x64.Build.0 = Release|Any CPU
		{B6D66F60-FCCC-4C60-B2F4-79854B1FCBAC}.Release|x86.ActiveCfg = Release|Any CPU
		{B6D66F60-FCCC-4C60-B2F4-79854B1FCBAC}.Release|x86.Build.0 = Release|Any CPU
		{D4810CF5-198A-471F-8844-4F13D63F6C5C}.Debug|Any CPU.ActiveCfg = Debug|Any CPU
		{D4810CF5-198A-471F-8844-4F13D63F6C5C}.Debug|Any CPU.Build.0 = Debug|Any CPU
		{D4810CF5-198A-471F-8844-4F13D63F6C5C}.Debug|x64.ActiveCfg = Debug|Any CPU
		{D4810CF5-198A-471F-8844-4F13D63F6C5C}.Debug|x64.Build.0 = Debug|Any CPU
		{D4810CF5-198A-471F-8844-4F13D63F6C5C}.Debug|x86.ActiveCfg = Debug|Any CPU
		{D4810CF5-198A-471F-8844-4F13D63F6C5C}.Debug|x86.Build.0 = Debug|Any CPU
		{D4810CF5-198A-471F-8844-4F13D63F6C5C}.Release|Any CPU.ActiveCfg = Release|Any CPU
		{D4810CF5-198A-471F-8844-4F13D63F6C5C}.Release|Any CPU.Build.0 = Release|Any CPU
		{D4810CF5-198A-471F-8844-4F13D63F6C5C}.Release|x64.ActiveCfg = Release|Any CPU
		{D4810CF5-198A-471F-8844-4F13D63F6C5C}.Release|x64.Build.0 = Release|Any CPU
		{D4810CF5-198A-471F-8844-4F13D63F6C5C}.Release|x86.ActiveCfg = Release|Any CPU
		{D4810CF5-198A-471F-8844-4F13D63F6C5C}.Release|x86.Build.0 = Release|Any CPU
	EndGlobalSection
	GlobalSection(SolutionProperties) = preSolution
		HideSolutionNode = FALSE
	EndGlobalSection
	GlobalSection(ExtensibilityGlobals) = postSolution
		SolutionGuid = {81B475EC-69DD-43B2-BFB4-CE471E28246D}
	EndGlobalSection
	GlobalSection(NestedProjects) = preSolution
		{A418D9BD-D7C6-4F8F-AE9B-1784A75403AF} = {0EB1B450-4571-4451-BAFB-FEAF11A76F5F}
		{AB72317E-5CB5-4F31-811D-675B202DEB92} = {0EB1B450-4571-4451-BAFB-FEAF11A76F5F}
		{CF1C5D7D-1824-453E-85BC-446A6AF29E68} = {0EB1B450-4571-4451-BAFB-FEAF11A76F5F}
		{2E36BAEB-B8A8-48EF-9858-30575F1C01B1} = {0EB1B450-4571-4451-BAFB-FEAF11A76F5F}
		{02AF4654-678F-48D2-94E3-29DD4F6AF02F} = {15A8BE7C-C7A1-49A6-9E93-87B0F61DE605}
		{B6D66F60-FCCC-4C60-B2F4-79854B1FCBAC} = {15A8BE7C-C7A1-49A6-9E93-87B0F61DE605}
		{D4810CF5-198A-471F-8844-4F13D63F6C5C} = {15A8BE7C-C7A1-49A6-9E93-87B0F61DE605}
	EndGlobalSection
EndGlobal
